
Microsoft Visual Studio Solution File, Format Version 12.00
# Visual Studio Version 16
VisualStudioVersion = 16.0.33801.447
MinimumVisualStudioVersion = 10.0.40219.1
Project("{FAE04EC0-301F-11D3-BF4B-00C04F79EFBC}") = "MedicineProject.Android", "MedicineProject\MedicineProject.Android\MedicineProject.Android.csproj", "{68B3C2B8-DF87-46B2-9CF8-2E897296FCE3}"
EndProject
Project("{FAE04EC0-301F-11D3-BF4B-00C04F79EFBC}") = "MedicineProject.iOS", "MedicineProject\MedicineProject.iOS\MedicineProject.iOS.csproj", "{97D36DFA-E780-4332-AA2B-3FB6983ABE0A}"
EndProject
Global
	GlobalSection(SolutionConfigurationPlatforms) = preSolution
		Debug|Any CPU = Debug|Any CPU
		Debug|iPhone = Debug|iPhone
		Debug|iPhoneSimulator = Debug|iPhoneSimulator
		Release|Any CPU = Release|Any CPU
		Release|iPhone = Release|iPhone
		Release|iPhoneSimulator = Release|iPhoneSimulator
	EndGlobalSection
	GlobalSection(ProjectConfigurationPlatforms) = postSolution
		{68B3C2B8-DF87-46B2-9CF8-2E897296FCE3}.Debug|Any CPU.ActiveCfg = Debug|Any CPU
		{68B3C2B8-DF87-46B2-9CF8-2E897296FCE3}.Debug|Any CPU.Build.0 = Debug|Any CPU
		{68B3C2B8-DF87-46B2-9CF8-2E897296FCE3}.Debug|Any CPU.Deploy.0 = Debug|Any CPU
		{68B3C2B8-DF87-46B2-9CF8-2E897296FCE3}.Debug|iPhone.ActiveCfg = Debug|Any CPU
		{68B3C2B8-DF87-46B2-9CF8-2E897296FCE3}.Debug|iPhone.Build.0 = Debug|Any CPU
		{68B3C2B8-DF87-46B2-9CF8-2E897296FCE3}.Debug|iPhone.Deploy.0 = Debug|Any CPU
		{68B3C2B8-DF87-46B2-9CF8-2E897296FCE3}.Debug|iPhoneSimulator.ActiveCfg = Debug|Any CPU
		{68B3C2B8-DF87-46B2-9CF8-2E897296FCE3}.Debug|iPhoneSimulator.Build.0 = Debug|Any CPU
		{68B3C2B8-DF87-46B2-9CF8-2E897296FCE3}.Debug|iPhoneSimulator.Deploy.0 = Debug|Any CPU
		{68B3C2B8-DF87-46B2-9CF8-2E897296FCE3}.Release|Any CPU.ActiveCfg = Release|Any CPU
		{68B3C2B8-DF87-46B2-9CF8-2E897296FCE3}.Release|Any CPU.Build.0 = Release|Any CPU
		{68B3C2B8-DF87-46B2-9CF8-2E897296FCE3}.Release|Any CPU.Deploy.0 = Release|Any CPU
		{68B3C2B8-DF87-46B2-9CF8-2E897296FCE3}.Release|iPhone.ActiveCfg = Release|Any CPU
		{68B3C2B8-DF87-46B2-9CF8-2E897296FCE3}.Release|iPhone.Build.0 = Release|Any CPU
		{68B3C2B8-DF87-46B2-9CF8-2E897296FCE3}.Release|iPhone.Deploy.0 = Release|Any CPU
		{68B3C2B8-DF87-46B2-9CF8-2E897296FCE3}.Release|iPhoneSimulator.ActiveCfg = Release|Any CPU
		{68B3C2B8-DF87-46B2-9CF8-2E897296FCE3}.Release|iPhoneSimulator.Build.0 = Release|Any CPU
		{68B3C2B8-DF87-46B2-9CF8-2E897296FCE3}.Release|iPhoneSimulator.Deploy.0 = Release|Any CPU
		{97D36DFA-E780-4332-AA2B-3FB6983ABE0A}.Debug|Any CPU.ActiveCfg = Debug|iPhone
		{97D36DFA-E780-4332-AA2B-3FB6983ABE0A}.Debug|Any CPU.Build.0 = Debug|iPhone
		{97D36DFA-E780-4332-AA2B-3FB6983ABE0A}.Debug|Any CPU.Deploy.0 = Debug|iPhone
		{97D36DFA-E780-4332-AA2B-3FB6983ABE0A}.Debug|iPhone.ActiveCfg = Debug|iPhone
		{97D36DFA-E780-4332-AA2B-3FB6983ABE0A}.Debug|iPhone.Build.0 = Debug|iPhone
		{97D36DFA-E780-4332-AA2B-3FB6983ABE0A}.Debug|iPhone.Deploy.0 = Debug|iPhone
		{97D36DFA-E780-4332-AA2B-3FB6983ABE0A}.Debug|iPhoneSimulator.ActiveCfg = Debug|iPhoneSimulator
		{97D36DFA-E780-4332-AA2B-3FB6983ABE0A}.Debug|iPhoneSimulator.Build.0 = Debug|iPhoneSimulator
		{97D36DFA-E780-4332-AA2B-3FB6983ABE0A}.Debug|iPhoneSimulator.Deploy.0 = Debug|iPhoneSimulator
		{97D36DFA-E780-4332-AA2B-3FB6983ABE0A}.Release|Any CPU.ActiveCfg = Release|iPhoneSimulator
		{97D36DFA-E780-4332-AA2B-3FB6983ABE0A}.Release|Any CPU.Build.0 = Release|iPhoneSimulator
		{97D36DFA-E780-4332-AA2B-3FB6983ABE0A}.Release|Any CPU.Deploy.0 = Release|iPhoneSimulator
		{97D36DFA-E780-4332-AA2B-3FB6983ABE0A}.Release|iPhone.ActiveCfg = Release|iPhone
		{97D36DFA-E780-4332-AA2B-3FB6983ABE0A}.Release|iPhone.Build.0 = Release|iPhone
		{97D36DFA-E780-4332-AA2B-3FB6983ABE0A}.Release|iPhone.Deploy.0 = Release|iPhone
		{97D36DFA-E780-4332-AA2B-3FB6983ABE0A}.Release|iPhoneSimulator.ActiveCfg = Release|iPhoneSimulator
		{97D36DFA-E780-4332-AA2B-3FB6983ABE0A}.Release|iPhoneSimulator.Build.0 = Release|iPhoneSimulator
		{97D36DFA-E780-4332-AA2B-3FB6983ABE0A}.Release|iPhoneSimulator.Deploy.0 = Release|iPhoneSimulator
	EndGlobalSection
	GlobalSection(SolutionProperties) = preSolution
		HideSolutionNode = FALSE
	EndGlobalSection
	GlobalSection(ExtensibilityGlobals) = postSolution
		SolutionGuid = {A5EB2569-B3AF-4C6D-8B19-A60EB17A4D63}
	EndGlobalSection
EndGlobal
